
Microsoft Visual Studio Solution File, Format Version 12.00
# Visual Studio 2012
Project("{FAE04EC0-301F-11D3-BF4B-00C04F79EFBC}") = "AplicacionDeConsola", "AplicacionDeConsola\AplicacionDeConsola.csproj", "{8AF98E56-ECA9-412C-8383-CCB19B4141BF}"
EndProject
Project("{FAE04EC0-301F-11D3-BF4B-00C04F79EFBC}") = "EntidadesAbstractas_", "EntidadesAbstractas_\EntidadesAbstractas_.csproj", "{6A301EA7-BE78-4CD4-9715-9D7E1C70B377}"
EndProject
Project("{FAE04EC0-301F-11D3-BF4B-00C04F79EFBC}") = "EntidadesInstanciables_", "EntidadesInstanciables_\EntidadesInstanciables_.csproj", "{44D7E414-F55F-4266-9DA9-81949B54E53E}"
EndProject
Project("{FAE04EC0-301F-11D3-BF4B-00C04F79EFBC}") = "Archivos_", "Archivos_\Archivos_.csproj", "{92785FE7-D99C-4753-AEA4-1B45738EFE17}"
EndProject
Project("{FAE04EC0-301F-11D3-BF4B-00C04F79EFBC}") = "Excepciones_", "Excepciones_\Excepciones_.csproj", "{DF4B8DAB-680A-4FFF-924F-395D7E8DD9ED}"
EndProject
Global
	GlobalSection(SolutionConfigurationPlatforms) = preSolution
		Debug|Any CPU = Debug|Any CPU
		Release|Any CPU = Release|Any CPU
	EndGlobalSection
	GlobalSection(ProjectConfigurationPlatforms) = postSolution
		{8AF98E56-ECA9-412C-8383-CCB19B4141BF}.Debug|Any CPU.ActiveCfg = Debug|Any CPU
		{8AF98E56-ECA9-412C-8383-CCB19B4141BF}.Debug|Any CPU.Build.0 = Debug|Any CPU
		{8AF98E56-ECA9-412C-8383-CCB19B4141BF}.Release|Any CPU.ActiveCfg = Release|Any CPU
		{8AF98E56-ECA9-412C-8383-CCB19B4141BF}.Release|Any CPU.Build.0 = Release|Any CPU
		{6A301EA7-BE78-4CD4-9715-9D7E1C70B377}.Debug|Any CPU.ActiveCfg = Debug|Any CPU
		{6A301EA7-BE78-4CD4-9715-9D7E1C70B377}.Debug|Any CPU.Build.0 = Debug|Any CPU
		{6A301EA7-BE78-4CD4-9715-9D7E1C70B377}.Release|Any CPU.ActiveCfg = Release|Any CPU
		{6A301EA7-BE78-4CD4-9715-9D7E1C70B377}.Release|Any CPU.Build.0 = Release|Any CPU
		{44D7E414-F55F-4266-9DA9-81949B54E53E}.Debug|Any CPU.ActiveCfg = Debug|Any CPU
		{44D7E414-F55F-4266-9DA9-81949B54E53E}.Debug|Any CPU.Build.0 = Debug|Any CPU
		{44D7E414-F55F-4266-9DA9-81949B54E53E}.Release|Any CPU.ActiveCfg = Release|Any CPU
		{44D7E414-F55F-4266-9DA9-81949B54E53E}.Release|Any CPU.Build.0 = Release|Any CPU
		{92785FE7-D99C-4753-AEA4-1B45738EFE17}.Debug|Any CPU.ActiveCfg = Debug|Any CPU
		{92785FE7-D99C-4753-AEA4-1B45738EFE17}.Debug|Any CPU.Build.0 = Debug|Any CPU
		{92785FE7-D99C-4753-AEA4-1B45738EFE17}.Release|Any CPU.ActiveCfg = Release|Any CPU
		{92785FE7-D99C-4753-AEA4-1B45738EFE17}.Release|Any CPU.Build.0 = Release|Any CPU
		{DF4B8DAB-680A-4FFF-924F-395D7E8DD9ED}.Debug|Any CPU.ActiveCfg = Debug|Any CPU
		{DF4B8DAB-680A-4FFF-924F-395D7E8DD9ED}.Debug|Any CPU.Build.0 = Debug|Any CPU
		{DF4B8DAB-680A-4FFF-924F-395D7E8DD9ED}.Release|Any CPU.ActiveCfg = Release|Any CPU
		{DF4B8DAB-680A-4FFF-924F-395D7E8DD9ED}.Release|Any CPU.Build.0 = Release|Any CPU
	EndGlobalSection
	GlobalSection(SolutionProperties) = preSolution
		HideSolutionNode = FALSE
	EndGlobalSection
EndGlobal
